
Microsoft Visual Studio Solution File, Format Version 12.00
# Visual Studio Version 16
VisualStudioVersion = 16.0.31613.86
MinimumVisualStudioVersion = 10.0.40219.1
Project("{FAE04EC0-301F-11D3-BF4B-00C04F79EFBC}") = "PrimjerTDD-a_RimskiBrojevi", "PrimjerTDD-a_RimskiBrojevi\PrimjerTDD-a_RimskiBrojevi.csproj", "{DE4FA890-801A-4032-A76B-1B26A394FC70}"
EndProject
Project("{FAE04EC0-301F-11D3-BF4B-00C04F79EFBC}") = "JedinicniTestovi", "JedinicniTestovi\JedinicniTestovi.csproj", "{FB4608A3-31F9-49E4-8DA6-32A8D89A215F}"
EndProject
Global
	GlobalSection(SolutionConfigurationPlatforms) = preSolution
		Debug|Any CPU = Debug|Any CPU
		Release|Any CPU = Release|Any CPU
	EndGlobalSection
	GlobalSection(ProjectConfigurationPlatforms) = postSolution
		{DE4FA890-801A-4032-A76B-1B26A394FC70}.Debug|Any CPU.ActiveCfg = Debug|Any CPU
		{DE4FA890-801A-4032-A76B-1B26A394FC70}.Debug|Any CPU.Build.0 = Debug|Any CPU
		{DE4FA890-801A-4032-A76B-1B26A394FC70}.Release|Any CPU.ActiveCfg = Release|Any CPU
		{DE4FA890-801A-4032-A76B-1B26A394FC70}.Release|Any CPU.Build.0 = Release|Any CPU
		{FB4608A3-31F9-49E4-8DA6-32A8D89A215F}.Debug|Any CPU.ActiveCfg = Debug|Any CPU
		{FB4608A3-31F9-49E4-8DA6-32A8D89A215F}.Debug|Any CPU.Build.0 = Debug|Any CPU
		{FB4608A3-31F9-49E4-8DA6-32A8D89A215F}.Release|Any CPU.ActiveCfg = Release|Any CPU
		{FB4608A3-31F9-49E4-8DA6-32A8D89A215F}.Release|Any CPU.Build.0 = Release|Any CPU
	EndGlobalSection
	GlobalSection(SolutionProperties) = preSolution
		HideSolutionNode = FALSE
	EndGlobalSection
	GlobalSection(ExtensibilityGlobals) = postSolution
		SolutionGuid = {28917669-462D-4818-A418-7C63E561CE1A}
	EndGlobalSection
EndGlobal
